
Microsoft Visual Studio Solution File, Format Version 12.00
# Visual Studio Version 16
VisualStudioVersion = 16.0.31424.327
MinimumVisualStudioVersion = 10.0.40219.1
Project("{D954291E-2A0B-460D-934E-DC6B0785DB48}") = "POSUNO.Shared", "POSUNO\POSUNO.Shared\POSUNO.Shared.shproj", "{6279C845-92F8-4333-AB99-3D213163593C}"
EndProject
Project("{2150E333-8FDC-42A3-9474-1A3956D46DE8}") = "Platforms", "Platforms", "{2CDE1A58-4F61-46A9-B933-BA834D8E1238}"
EndProject
Project("{FAE04EC0-301F-11D3-BF4B-00C04F79EFBC}") = "POSUNO.Droid", "POSUNO\POSUNO.Droid\POSUNO.Droid.csproj", "{59DAC31B-A16B-48C8-B686-77B607AF323E}"
EndProject
Project("{FAE04EC0-301F-11D3-BF4B-00C04F79EFBC}") = "POSUNO.iOS", "POSUNO\POSUNO.iOS\POSUNO.iOS.csproj", "{22C452D9-515E-4788-A697-E3B5E1578CA8}"
EndProject
Project("{FAE04EC0-301F-11D3-BF4B-00C04F79EFBC}") = "POSUNO.UWP", "POSUNO\POSUNO.UWP\POSUNO.UWP.csproj", "{1CEF6381-360D-4370-87D1-03F088239AA9}"
EndProject
Project("{9A19103F-16F7-4668-BE54-9A1E7A4F7556}") = "POSUNO.Wasm", "POSUNO\POSUNO.Wasm\POSUNO.Wasm.csproj", "{25903F28-D3D2-4B57-A428-8E968A3564EA}"
EndProject
Project("{FAE04EC0-301F-11D3-BF4B-00C04F79EFBC}") = "POSUNO.macOS", "POSUNO\POSUNO.macOS\POSUNO.macOS.csproj", "{9419C5DF-FF21-4B10-AE0D-02CA37CF9DAD}"
EndProject
Project("{9A19103F-16F7-4668-BE54-9A1E7A4F7556}") = "POSUNO.Skia.Wpf", "POSUNO\POSUNO.Skia.Wpf\POSUNO.Skia.Wpf.csproj", "{781C8DF2-8612-4898-843E-DE6E7EF017F7}"
EndProject
Project("{9A19103F-16F7-4668-BE54-9A1E7A4F7556}") = "POSUNO.Skia.Gtk", "POSUNO\POSUNO.Skia.Gtk\POSUNO.Skia.Gtk.csproj", "{194CF9C6-AF8E-461A-B4B2-EB4B5482FB35}"
EndProject
Project("{9A19103F-16F7-4668-BE54-9A1E7A4F7556}") = "POSUNO.Skia.Tizen", "POSUNO\POSUNO.Skia.Tizen\POSUNO.Skia.Tizen.csproj", "{B2E0C2F3-8343-425B-B37F-F601D5F1D2CE}"
EndProject
Project("{9A19103F-16F7-4668-BE54-9A1E7A4F7556}") = "POSUNO.Api", "POSUNO.Api\POSUNO.Api.csproj", "{FE29A780-581D-40D0-A133-78887686FBB0}"
EndProject
Global
	GlobalSection(SharedMSBuildProjectFiles) = preSolution
		POSUNO\POSUNO.Shared\POSUNO.Shared.projitems*{194cf9c6-af8e-461a-b4b2-eb4b5482fb35}*SharedItemsImports = 5
		POSUNO\POSUNO.Shared\POSUNO.Shared.projitems*{1cef6381-360d-4370-87d1-03f088239aa9}*SharedItemsImports = 4
		POSUNO\POSUNO.Shared\POSUNO.Shared.projitems*{22c452d9-515e-4788-a697-e3b5e1578ca8}*SharedItemsImports = 4
		POSUNO\POSUNO.Shared\POSUNO.Shared.projitems*{25903f28-d3d2-4b57-a428-8e968a3564ea}*SharedItemsImports = 5
		POSUNO\POSUNO.Shared\POSUNO.Shared.projitems*{59dac31b-a16b-48c8-b686-77b607af323e}*SharedItemsImports = 4
		POSUNO\POSUNO.Shared\POSUNO.Shared.projitems*{6279c845-92f8-4333-ab99-3d213163593c}*SharedItemsImports = 13
		POSUNO\POSUNO.Shared\POSUNO.Shared.projitems*{781c8df2-8612-4898-843e-de6e7ef017f7}*SharedItemsImports = 5
		POSUNO\POSUNO.Shared\POSUNO.Shared.projitems*{9419c5df-ff21-4b10-ae0d-02ca37cf9dad}*SharedItemsImports = 4
		POSUNO\POSUNO.Shared\POSUNO.Shared.projitems*{b2e0c2f3-8343-425b-b37f-f601d5f1d2ce}*SharedItemsImports = 5
	EndGlobalSection
	GlobalSection(SolutionConfigurationPlatforms) = preSolution
		Ad-Hoc|Any CPU = Ad-Hoc|Any CPU
		Ad-Hoc|ARM = Ad-Hoc|ARM
		Ad-Hoc|ARM64 = Ad-Hoc|ARM64
		Ad-Hoc|iPhone = Ad-Hoc|iPhone
		Ad-Hoc|iPhoneSimulator = Ad-Hoc|iPhoneSimulator
		Ad-Hoc|x64 = Ad-Hoc|x64
		Ad-Hoc|x86 = Ad-Hoc|x86
		AppStore|Any CPU = AppStore|Any CPU
		AppStore|ARM = AppStore|ARM
		AppStore|ARM64 = AppStore|ARM64
		AppStore|iPhone = AppStore|iPhone
		AppStore|iPhoneSimulator = AppStore|iPhoneSimulator
		AppStore|x64 = AppStore|x64
		AppStore|x86 = AppStore|x86
		Debug|Any CPU = Debug|Any CPU
		Debug|ARM = Debug|ARM
		Debug|ARM64 = Debug|ARM64
		Debug|iPhone = Debug|iPhone
		Debug|iPhoneSimulator = Debug|iPhoneSimulator
		Debug|x64 = Debug|x64
		Debug|x86 = Debug|x86
		Release|Any CPU = Release|Any CPU
		Release|ARM = Release|ARM
		Release|ARM64 = Release|ARM64
		Release|iPhone = Release|iPhone
		Release|iPhoneSimulator = Release|iPhoneSimulator
		Release|x64 = Release|x64
		Release|x86 = Release|x86
	EndGlobalSection
	GlobalSection(ProjectConfigurationPlatforms) = postSolution
		{59DAC31B-A16B-48C8-B686-77B607AF323E}.Ad-Hoc|Any CPU.ActiveCfg = Debug|Any CPU
		{59DAC31B-A16B-48C8-B686-77B607AF323E}.Ad-Hoc|Any CPU.Build.0 = Debug|Any CPU
		{59DAC31B-A16B-48C8-B686-77B607AF323E}.Ad-Hoc|Any CPU.Deploy.0 = Debug|Any CPU
		{59DAC31B-A16B-48C8-B686-77B607AF323E}.Ad-Hoc|ARM.ActiveCfg = Debug|Any CPU
		{59DAC31B-A16B-48C8-B686-77B607AF323E}.Ad-Hoc|ARM.Build.0 = Debug|Any CPU
		{59DAC31B-A16B-48C8-B686-77B607AF323E}.Ad-Hoc|ARM.Deploy.0 = Debug|Any CPU
		{59DAC31B-A16B-48C8-B686-77B607AF323E}.Ad-Hoc|ARM64.ActiveCfg = Debug|Any CPU
		{59DAC31B-A16B-48C8-B686-77B607AF323E}.Ad-Hoc|ARM64.Build.0 = Debug|Any CPU
		{59DAC31B-A16B-48C8-B686-77B607AF323E}.Ad-Hoc|ARM64.Deploy.0 = Debug|Any CPU
		{59DAC31B-A16B-48C8-B686-77B607AF323E}.Ad-Hoc|iPhone.ActiveCfg = Debug|Any CPU
		{59DAC31B-A16B-48C8-B686-77B607AF323E}.Ad-Hoc|iPhone.Build.0 = Debug|Any CPU
		{59DAC31B-A16B-48C8-B686-77B607AF323E}.Ad-Hoc|iPhone.Deploy.0 = Debug|Any CPU
		{59DAC31B-A16B-48C8-B686-77B607AF323E}.Ad-Hoc|iPhoneSimulator.ActiveCfg = Debug|Any CPU
		{59DAC31B-A16B-48C8-B686-77B607AF323E}.Ad-Hoc|iPhoneSimulator.Build.0 = Debug|Any CPU
		{59DAC31B-A16B-48C8-B686-77B607AF323E}.Ad-Hoc|iPhoneSimulator.Deploy.0 = Debug|Any CPU
		{59DAC31B-A16B-48C8-B686-77B607AF323E}.Ad-Hoc|x64.ActiveCfg = Debug|Any CPU
		{59DAC31B-A16B-48C8-B686-77B607AF323E}.Ad-Hoc|x64.Build.0 = Debug|Any CPU
		{59DAC31B-A16B-48C8-B686-77B607AF323E}.Ad-Hoc|x64.Deploy.0 = Debug|Any CPU
		{59DAC31B-A16B-48C8-B686-77B607AF323E}.Ad-Hoc|x86.ActiveCfg = Debug|Any CPU
		{59DAC31B-A16B-48C8-B686-77B607AF323E}.Ad-Hoc|x86.Build.0 = Debug|Any CPU
		{59DAC31B-A16B-48C8-B686-77B607AF323E}.Ad-Hoc|x86.Deploy.0 = Debug|Any CPU
		{59DAC31B-A16B-48C8-B686-77B607AF323E}.AppStore|Any CPU.ActiveCfg = Debug|Any CPU
		{59DAC31B-A16B-48C8-B686-77B607AF323E}.AppStore|Any CPU.Build.0 = Debug|Any CPU
		{59DAC31B-A16B-48C8-B686-77B607AF323E}.AppStore|Any CPU.Deploy.0 = Debug|Any CPU
		{59DAC31B-A16B-48C8-B686-77B607AF323E}.AppStore|ARM.ActiveCfg = Debug|Any CPU
		{59DAC31B-A16B-48C8-B686-77B607AF323E}.AppStore|ARM.Build.0 = Debug|Any CPU
		{59DAC31B-A16B-48C8-B686-77B607AF323E}.AppStore|ARM.Deploy.0 = Debug|Any CPU
		{59DAC31B-A16B-48C8-B686-77B607AF323E}.AppStore|ARM64.ActiveCfg = Debug|Any CPU
		{59DAC31B-A16B-48C8-B686-77B607AF323E}.AppStore|ARM64.Build.0 = Debug|Any CPU
		{59DAC31B-A16B-48C8-B686-77B607AF323E}.AppStore|ARM64.Deploy.0 = Debug|Any CPU
		{59DAC31B-A16B-48C8-B686-77B607AF323E}.AppStore|iPhone.ActiveCfg = Debug|Any CPU
		{59DAC31B-A16B-48C8-B686-77B607AF323E}.AppStore|iPhone.Build.0 = Debug|Any CPU
		{59DAC31B-A16B-48C8-B686-77B607AF323E}.AppStore|iPhone.Deploy.0 = Debug|Any CPU
		{59DAC31B-A16B-48C8-B686-77B607AF323E}.AppStore|iPhoneSimulator.ActiveCfg = Debug|Any CPU
		{59DAC31B-A16B-48C8-B686-77B607AF323E}.AppStore|iPhoneSimulator.Build.0 = Debug|Any CPU
		{59DAC31B-A16B-48C8-B686-77B607AF323E}.AppStore|iPhoneSimulator.Deploy.0 = Debug|Any CPU
		{59DAC31B-A16B-48C8-B686-77B607AF323E}.AppStore|x64.ActiveCfg = Debug|Any CPU
		{59DAC31B-A16B-48C8-B686-77B607AF323E}.AppStore|x64.Build.0 = Debug|Any CPU
		{59DAC31B-A16B-48C8-B686-77B607AF323E}.AppStore|x64.Deploy.0 = Debug|Any CPU
		{59DAC31B-A16B-48C8-B686-77B607AF323E}.AppStore|x86.ActiveCfg = Debug|Any CPU
		{59DAC31B-A16B-48C8-B686-77B607AF323E}.AppStore|x86.Build.0 = Debug|Any CPU
		{59DAC31B-A16B-48C8-B686-77B607AF323E}.AppStore|x86.Deploy.0 = Debug|Any CPU
		{59DAC31B-A16B-48C8-B686-77B607AF323E}.Debug|Any CPU.ActiveCfg = Debug|Any CPU
		{59DAC31B-A16B-48C8-B686-77B607AF323E}.Debug|Any CPU.Build.0 = Debug|Any CPU
		{59DAC31B-A16B-48C8-B686-77B607AF323E}.Debug|Any CPU.Deploy.0 = Debug|Any CPU
		{59DAC31B-A16B-48C8-B686-77B607AF323E}.Debug|ARM.ActiveCfg = Debug|Any CPU
		{59DAC31B-A16B-48C8-B686-77B607AF323E}.Debug|ARM.Build.0 = Debug|Any CPU
		{59DAC31B-A16B-48C8-B686-77B607AF323E}.Debug|ARM.Deploy.0 = Debug|Any CPU
		{59DAC31B-A16B-48C8-B686-77B607AF323E}.Debug|ARM64.ActiveCfg = Debug|Any CPU
		{59DAC31B-A16B-48C8-B686-77B607AF323E}.Debug|ARM64.Build.0 = Debug|Any CPU
		{59DAC31B-A16B-48C8-B686-77B607AF323E}.Debug|ARM64.Deploy.0 = Debug|Any CPU
		{59DAC31B-A16B-48C8-B686-77B607AF323E}.Debug|iPhone.ActiveCfg = Debug|Any CPU
		{59DAC31B-A16B-48C8-B686-77B607AF323E}.Debug|iPhone.Build.0 = Debug|Any CPU
		{59DAC31B-A16B-48C8-B686-77B607AF323E}.Debug|iPhone.Deploy.0 = Debug|Any CPU
		{59DAC31B-A16B-48C8-B686-77B607AF323E}.Debug|iPhoneSimulator.ActiveCfg = Debug|Any CPU
		{59DAC31B-A16B-48C8-B686-77B607AF323E}.Debug|iPhoneSimulator.Build.0 = Debug|Any CPU
		{59DAC31B-A16B-48C8-B686-77B607AF323E}.Debug|iPhoneSimulator.Deploy.0 = Debug|Any CPU
		{59DAC31B-A16B-48C8-B686-77B607AF323E}.Debug|x64.ActiveCfg = Debug|Any CPU
		{59DAC31B-A16B-48C8-B686-77B607AF323E}.Debug|x64.Build.0 = Debug|Any CPU
		{59DAC31B-A16B-48C8-B686-77B607AF323E}.Debug|x64.Deploy.0 = Debug|Any CPU
		{59DAC31B-A16B-48C8-B686-77B607AF323E}.Debug|x86.ActiveCfg = Debug|Any CPU
		{59DAC31B-A16B-48C8-B686-77B607AF323E}.Release|Any CPU.ActiveCfg = Release|Any CPU
		{59DAC31B-A16B-48C8-B686-77B607AF323E}.Release|Any CPU.Build.0 = Release|Any CPU
		{59DAC31B-A16B-48C8-B686-77B607AF323E}.Release|Any CPU.Deploy.0 = Release|Any CPU
		{59DAC31B-A16B-48C8-B686-77B607AF323E}.Release|ARM.ActiveCfg = Release|Any CPU
		{59DAC31B-A16B-48C8-B686-77B607AF323E}.Release|ARM.Build.0 = Release|Any CPU
		{59DAC31B-A16B-48C8-B686-77B607AF323E}.Release|ARM.Deploy.0 = Release|Any CPU
		{59DAC31B-A16B-48C8-B686-77B607AF323E}.Release|ARM64.ActiveCfg = Release|Any CPU
		{59DAC31B-A16B-48C8-B686-77B607AF323E}.Release|ARM64.Build.0 = Release|Any CPU
		{59DAC31B-A16B-48C8-B686-77B607AF323E}.Release|ARM64.Deploy.0 = Release|Any CPU
		{59DAC31B-A16B-48C8-B686-77B607AF323E}.Release|iPhone.ActiveCfg = Release|Any CPU
		{59DAC31B-A16B-48C8-B686-77B607AF323E}.Release|iPhone.Build.0 = Release|Any CPU
		{59DAC31B-A16B-48C8-B686-77B607AF323E}.Release|iPhone.Deploy.0 = Release|Any CPU
		{59DAC31B-A16B-48C8-B686-77B607AF323E}.Release|iPhoneSimulator.ActiveCfg = Release|Any CPU
		{59DAC31B-A16B-48C8-B686-77B607AF323E}.Release|iPhoneSimulator.Build.0 = Release|Any CPU
		{59DAC31B-A16B-48C8-B686-77B607AF323E}.Release|iPhoneSimulator.Deploy.0 = Release|Any CPU
		{59DAC31B-A16B-48C8-B686-77B607AF323E}.Release|x64.ActiveCfg = Release|Any CPU
		{59DAC31B-A16B-48C8-B686-77B607AF323E}.Release|x64.Build.0 = Release|Any CPU
		{59DAC31B-A16B-48C8-B686-77B607AF323E}.Release|x64.Deploy.0 = Release|Any CPU
		{59DAC31B-A16B-48C8-B686-77B607AF323E}.Release|x86.ActiveCfg = Release|Any CPU
		{59DAC31B-A16B-48C8-B686-77B607AF323E}.Release|x86.Build.0 = Release|Any CPU
		{59DAC31B-A16B-48C8-B686-77B607AF323E}.Release|x86.Deploy.0 = Release|Any CPU
		{22C452D9-515E-4788-A697-E3B5E1578CA8}.Ad-Hoc|Any CPU.ActiveCfg = Ad-Hoc|iPhoneSimulator
		{22C452D9-515E-4788-A697-E3B5E1578CA8}.Ad-Hoc|ARM.ActiveCfg = Ad-Hoc|iPhoneSimulator
		{22C452D9-515E-4788-A697-E3B5E1578CA8}.Ad-Hoc|ARM64.ActiveCfg = Ad-Hoc|iPhoneSimulator
		{22C452D9-515E-4788-A697-E3B5E1578CA8}.Ad-Hoc|iPhone.ActiveCfg = Ad-Hoc|iPhone
		{22C452D9-515E-4788-A697-E3B5E1578CA8}.Ad-Hoc|iPhone.Build.0 = Ad-Hoc|iPhone
		{22C452D9-515E-4788-A697-E3B5E1578CA8}.Ad-Hoc|iPhoneSimulator.ActiveCfg = Ad-Hoc|iPhoneSimulator
		{22C452D9-515E-4788-A697-E3B5E1578CA8}.Ad-Hoc|iPhoneSimulator.Build.0 = Ad-Hoc|iPhoneSimulator
		{22C452D9-515E-4788-A697-E3B5E1578CA8}.Ad-Hoc|x64.ActiveCfg = Ad-Hoc|iPhoneSimulator
		{22C452D9-515E-4788-A697-E3B5E1578CA8}.Ad-Hoc|x86.ActiveCfg = Ad-Hoc|iPhoneSimulator
		{22C452D9-515E-4788-A697-E3B5E1578CA8}.AppStore|Any CPU.ActiveCfg = AppStore|iPhoneSimulator
		{22C452D9-515E-4788-A697-E3B5E1578CA8}.AppStore|ARM.ActiveCfg = AppStore|iPhoneSimulator
		{22C452D9-515E-4788-A697-E3B5E1578CA8}.AppStore|ARM64.ActiveCfg = AppStore|iPhoneSimulator
		{22C452D9-515E-4788-A697-E3B5E1578CA8}.AppStore|iPhone.ActiveCfg = AppStore|iPhone
		{22C452D9-515E-4788-A697-E3B5E1578CA8}.AppStore|iPhone.Build.0 = AppStore|iPhone
		{22C452D9-515E-4788-A697-E3B5E1578CA8}.AppStore|iPhoneSimulator.ActiveCfg = AppStore|iPhoneSimulator
		{22C452D9-515E-4788-A697-E3B5E1578CA8}.AppStore|iPhoneSimulator.Build.0 = AppStore|iPhoneSimulator
		{22C452D9-515E-4788-A697-E3B5E1578CA8}.AppStore|x64.ActiveCfg = AppStore|iPhoneSimulator
		{22C452D9-515E-4788-A697-E3B5E1578CA8}.AppStore|x86.ActiveCfg = AppStore|iPhoneSimulator
		{22C452D9-515E-4788-A697-E3B5E1578CA8}.Debug|Any CPU.ActiveCfg = Debug|iPhoneSimulator
		{22C452D9-515E-4788-A697-E3B5E1578CA8}.Debug|ARM.ActiveCfg = Debug|iPhoneSimulator
		{22C452D9-515E-4788-A697-E3B5E1578CA8}.Debug|ARM64.ActiveCfg = Debug|iPhoneSimulator
		{22C452D9-515E-4788-A697-E3B5E1578CA8}.Debug|iPhone.ActiveCfg = Debug|iPhone
		{22C452D9-515E-4788-A697-E3B5E1578CA8}.Debug|iPhone.Build.0 = Debug|iPhone
		{22C452D9-515E-4788-A697-E3B5E1578CA8}.Debug|iPhoneSimulator.ActiveCfg = Debug|iPhoneSimulator
		{22C452D9-515E-4788-A697-E3B5E1578CA8}.Debug|iPhoneSimulator.Build.0 = Debug|iPhoneSimulator
		{22C452D9-515E-4788-A697-E3B5E1578CA8}.Debug|x64.ActiveCfg = Debug|iPhoneSimulator
		{22C452D9-515E-4788-A697-E3B5E1578CA8}.Debug|x86.ActiveCfg = Debug|iPhoneSimulator
		{22C452D9-515E-4788-A697-E3B5E1578CA8}.Release|Any CPU.ActiveCfg = Release|iPhoneSimulator
		{22C452D9-515E-4788-A697-E3B5E1578CA8}.Release|ARM.ActiveCfg = Release|iPhoneSimulator
		{22C452D9-515E-4788-A697-E3B5E1578CA8}.Release|ARM64.ActiveCfg = Release|iPhoneSimulator
		{22C452D9-515E-4788-A697-E3B5E1578CA8}.Release|iPhone.ActiveCfg = Release|iPhone
		{22C452D9-515E-4788-A697-E3B5E1578CA8}.Release|iPhone.Build.0 = Release|iPhone
		{22C452D9-515E-4788-A697-E3B5E1578CA8}.Release|iPhoneSimulator.ActiveCfg = Release|iPhoneSimulator
		{22C452D9-515E-4788-A697-E3B5E1578CA8}.Release|iPhoneSimulator.Build.0 = Release|iPhoneSimulator
		{22C452D9-515E-4788-A697-E3B5E1578CA8}.Release|x64.ActiveCfg = Release|iPhoneSimulator
		{22C452D9-515E-4788-A697-E3B5E1578CA8}.Release|x86.ActiveCfg = Release|iPhoneSimulator
		{1CEF6381-360D-4370-87D1-03F088239AA9}.Ad-Hoc|Any CPU.ActiveCfg = Debug|x86
		{1CEF6381-360D-4370-87D1-03F088239AA9}.Ad-Hoc|Any CPU.Build.0 = Debug|x86
		{1CEF6381-360D-4370-87D1-03F088239AA9}.Ad-Hoc|Any CPU.Deploy.0 = Debug|x86
		{1CEF6381-360D-4370-87D1-03F088239AA9}.Ad-Hoc|ARM.ActiveCfg = Debug|ARM
		{1CEF6381-360D-4370-87D1-03F088239AA9}.Ad-Hoc|ARM.Build.0 = Debug|ARM
		{1CEF6381-360D-4370-87D1-03F088239AA9}.Ad-Hoc|ARM.Deploy.0 = Debug|ARM
		{1CEF6381-360D-4370-87D1-03F088239AA9}.Ad-Hoc|ARM64.ActiveCfg = Debug|ARM64
		{1CEF6381-360D-4370-87D1-03F088239AA9}.Ad-Hoc|ARM64.Build.0 = Debug|ARM64
		{1CEF6381-360D-4370-87D1-03F088239AA9}.Ad-Hoc|ARM64.Deploy.0 = Debug|ARM64
		{1CEF6381-360D-4370-87D1-03F088239AA9}.Ad-Hoc|iPhone.ActiveCfg = Debug|x86
		{1CEF6381-360D-4370-87D1-03F088239AA9}.Ad-Hoc|iPhone.Build.0 = Debug|x86
		{1CEF6381-360D-4370-87D1-03F088239AA9}.Ad-Hoc|iPhone.Deploy.0 = Debug|x86
		{1CEF6381-360D-4370-87D1-03F088239AA9}.Ad-Hoc|iPhoneSimulator.ActiveCfg = Debug|x86
		{1CEF6381-360D-4370-87D1-03F088239AA9}.Ad-Hoc|iPhoneSimulator.Build.0 = Debug|x86
		{1CEF6381-360D-4370-87D1-03F088239AA9}.Ad-Hoc|iPhoneSimulator.Deploy.0 = Debug|x86
		{1CEF6381-360D-4370-87D1-03F088239AA9}.Ad-Hoc|x64.ActiveCfg = Debug|x64
		{1CEF6381-360D-4370-87D1-03F088239AA9}.Ad-Hoc|x64.Build.0 = Debug|x64
		{1CEF6381-360D-4370-87D1-03F088239AA9}.Ad-Hoc|x64.Deploy.0 = Debug|x64
		{1CEF6381-360D-4370-87D1-03F088239AA9}.Ad-Hoc|x86.ActiveCfg = Debug|x86
		{1CEF6381-360D-4370-87D1-03F088239AA9}.Ad-Hoc|x86.Build.0 = Debug|x86
		{1CEF6381-360D-4370-87D1-03F088239AA9}.Ad-Hoc|x86.Deploy.0 = Debug|x86
		{1CEF6381-360D-4370-87D1-03F088239AA9}.AppStore|Any CPU.ActiveCfg = Debug|x86
		{1CEF6381-360D-4370-87D1-03F088239AA9}.AppStore|Any CPU.Build.0 = Debug|x86
		{1CEF6381-360D-4370-87D1-03F088239AA9}.AppStore|Any CPU.Deploy.0 = Debug|x86
		{1CEF6381-360D-4370-87D1-03F088239AA9}.AppStore|ARM.ActiveCfg = Debug|ARM
		{1CEF6381-360D-4370-87D1-03F088239AA9}.AppStore|ARM.Build.0 = Debug|ARM
		{1CEF6381-360D-4370-87D1-03F088239AA9}.AppStore|ARM.Deploy.0 = Debug|ARM
		{1CEF6381-360D-4370-87D1-03F088239AA9}.AppStore|ARM64.ActiveCfg = Debug|ARM64
		{1CEF6381-360D-4370-87D1-03F088239AA9}.AppStore|ARM64.Build.0 = Debug|ARM64
		{1CEF6381-360D-4370-87D1-03F088239AA9}.AppStore|ARM64.Deploy.0 = Debug|ARM64
		{1CEF6381-360D-4370-87D1-03F088239AA9}.AppStore|iPhone.ActiveCfg = Debug|x86
		{1CEF6381-360D-4370-87D1-03F088239AA9}.AppStore|iPhone.Build.0 = Debug|x86
		{1CEF6381-360D-4370-87D1-03F088239AA9}.AppStore|iPhone.Deploy.0 = Debug|x86
		{1CEF6381-360D-4370-87D1-03F088239AA9}.AppStore|iPhoneSimulator.ActiveCfg = Debug|x86
		{1CEF6381-360D-4370-87D1-03F088239AA9}.AppStore|iPhoneSimulator.Build.0 = Debug|x86
		{1CEF6381-360D-4370-87D1-03F088239AA9}.AppStore|iPhoneSimulator.Deploy.0 = Debug|x86
		{1CEF6381-360D-4370-87D1-03F088239AA9}.AppStore|x64.ActiveCfg = Debug|x64
		{1CEF6381-360D-4370-87D1-03F088239AA9}.AppStore|x64.Build.0 = Debug|x64
		{1CEF6381-360D-4370-87D1-03F088239AA9}.AppStore|x64.Deploy.0 = Debug|x64
		{1CEF6381-360D-4370-87D1-03F088239AA9}.AppStore|x86.ActiveCfg = Debug|x86
		{1CEF6381-360D-4370-87D1-03F088239AA9}.AppStore|x86.Build.0 = Debug|x86
		{1CEF6381-360D-4370-87D1-03F088239AA9}.AppStore|x86.Deploy.0 = Debug|x86
		{1CEF6381-360D-4370-87D1-03F088239AA9}.Debug|Any CPU.ActiveCfg = Debug|x86
		{1CEF6381-360D-4370-87D1-03F088239AA9}.Debug|Any CPU.Build.0 = Debug|x86
		{1CEF6381-360D-4370-87D1-03F088239AA9}.Debug|Any CPU.Deploy.0 = Debug|x86
		{1CEF6381-360D-4370-87D1-03F088239AA9}.Debug|ARM.ActiveCfg = Debug|ARM
		{1CEF6381-360D-4370-87D1-03F088239AA9}.Debug|ARM.Build.0 = Debug|ARM
		{1CEF6381-360D-4370-87D1-03F088239AA9}.Debug|ARM.Deploy.0 = Debug|ARM
		{1CEF6381-360D-4370-87D1-03F088239AA9}.Debug|ARM64.ActiveCfg = Debug|ARM64
		{1CEF6381-360D-4370-87D1-03F088239AA9}.Debug|ARM64.Build.0 = Debug|ARM64
		{1CEF6381-360D-4370-87D1-03F088239AA9}.Debug|ARM64.Deploy.0 = Debug|ARM64
		{1CEF6381-360D-4370-87D1-03F088239AA9}.Debug|iPhone.ActiveCfg = Debug|x86
		{1CEF6381-360D-4370-87D1-03F088239AA9}.Debug|iPhoneSimulator.ActiveCfg = Debug|x86
		{1CEF6381-360D-4370-87D1-03F088239AA9}.Debug|x64.ActiveCfg = Debug|x64
		{1CEF6381-360D-4370-87D1-03F088239AA9}.Debug|x64.Build.0 = Debug|x64
		{1CEF6381-360D-4370-87D1-03F088239AA9}.Debug|x64.Deploy.0 = Debug|x64
		{1CEF6381-360D-4370-87D1-03F088239AA9}.Debug|x86.ActiveCfg = Debug|x86
		{1CEF6381-360D-4370-87D1-03F088239AA9}.Release|Any CPU.ActiveCfg = Release|x86
		{1CEF6381-360D-4370-87D1-03F088239AA9}.Release|ARM.ActiveCfg = Release|ARM
		{1CEF6381-360D-4370-87D1-03F088239AA9}.Release|ARM.Build.0 = Release|ARM
		{1CEF6381-360D-4370-87D1-03F088239AA9}.Release|ARM.Deploy.0 = Release|ARM
		{1CEF6381-360D-4370-87D1-03F088239AA9}.Release|ARM64.ActiveCfg = Release|ARM64
		{1CEF6381-360D-4370-87D1-03F088239AA9}.Release|ARM64.Build.0 = Release|ARM64
		{1CEF6381-360D-4370-87D1-03F088239AA9}.Release|ARM64.Deploy.0 = Release|ARM64
		{1CEF6381-360D-4370-87D1-03F088239AA9}.Release|iPhone.ActiveCfg = Release|x86
		{1CEF6381-360D-4370-87D1-03F088239AA9}.Release|iPhoneSimulator.ActiveCfg = Release|x86
		{1CEF6381-360D-4370-87D1-03F088239AA9}.Release|x64.ActiveCfg = Release|x64
		{1CEF6381-360D-4370-87D1-03F088239AA9}.Release|x64.Build.0 = Release|x64
		{1CEF6381-360D-4370-87D1-03F088239AA9}.Release|x64.Deploy.0 = Release|x64
		{1CEF6381-360D-4370-87D1-03F088239AA9}.Release|x86.ActiveCfg = Release|x86
		{1CEF6381-360D-4370-87D1-03F088239AA9}.Release|x86.Build.0 = Release|x86
		{1CEF6381-360D-4370-87D1-03F088239AA9}.Release|x86.Deploy.0 = Release|x86
		{25903F28-D3D2-4B57-A428-8E968A3564EA}.Ad-Hoc|Any CPU.ActiveCfg = Debug|Any CPU
		{25903F28-D3D2-4B57-A428-8E968A3564EA}.Ad-Hoc|Any CPU.Build.0 = Debug|Any CPU
		{25903F28-D3D2-4B57-A428-8E968A3564EA}.Ad-Hoc|ARM.ActiveCfg = Debug|Any CPU
		{25903F28-D3D2-4B57-A428-8E968A3564EA}.Ad-Hoc|ARM.Build.0 = Debug|Any CPU
		{25903F28-D3D2-4B57-A428-8E968A3564EA}.Ad-Hoc|ARM64.ActiveCfg = Debug|Any CPU
		{25903F28-D3D2-4B57-A428-8E968A3564EA}.Ad-Hoc|ARM64.Build.0 = Debug|Any CPU
		{25903F28-D3D2-4B57-A428-8E968A3564EA}.Ad-Hoc|iPhone.ActiveCfg = Debug|Any CPU
		{25903F28-D3D2-4B57-A428-8E968A3564EA}.Ad-Hoc|iPhone.Build.0 = Debug|Any CPU
		{25903F28-D3D2-4B57-A428-8E968A3564EA}.Ad-Hoc|iPhoneSimulator.ActiveCfg = Debug|Any CPU
		{25903F28-D3D2-4B57-A428-8E968A3564EA}.Ad-Hoc|iPhoneSimulator.Build.0 = Debug|Any CPU
		{25903F28-D3D2-4B57-A428-8E968A3564EA}.Ad-Hoc|x64.ActiveCfg = Debug|Any CPU
		{25903F28-D3D2-4B57-A428-8E968A3564EA}.Ad-Hoc|x64.Build.0 = Debug|Any CPU
		{25903F28-D3D2-4B57-A428-8E968A3564EA}.Ad-Hoc|x86.ActiveCfg = Debug|Any CPU
		{25903F28-D3D2-4B57-A428-8E968A3564EA}.Ad-Hoc|x86.Build.0 = Debug|Any CPU
		{25903F28-D3D2-4B57-A428-8E968A3564EA}.AppStore|Any CPU.ActiveCfg = Debug|Any CPU
		{25903F28-D3D2-4B57-A428-8E968A3564EA}.AppStore|Any CPU.Build.0 = Debug|Any CPU
		{25903F28-D3D2-4B57-A428-8E968A3564EA}.AppStore|ARM.ActiveCfg = Debug|Any CPU
		{25903F28-D3D2-4B57-A428-8E968A3564EA}.AppStore|ARM.Build.0 = Debug|Any CPU
		{25903F28-D3D2-4B57-A428-8E968A3564EA}.AppStore|ARM64.ActiveCfg = Debug|Any CPU
		{25903F28-D3D2-4B57-A428-8E968A3564EA}.AppStore|ARM64.Build.0 = Debug|Any CPU
		{25903F28-D3D2-4B57-A428-8E968A3564EA}.AppStore|iPhone.ActiveCfg = Debug|Any CPU
		{25903F28-D3D2-4B57-A428-8E968A3564EA}.AppStore|iPhone.Build.0 = Debug|Any CPU
		{25903F28-D3D2-4B57-A428-8E968A3564EA}.AppStore|iPhoneSimulator.ActiveCfg = Debug|Any CPU
		{25903F28-D3D2-4B57-A428-8E968A3564EA}.AppStore|iPhoneSimulator.Build.0 = Debug|Any CPU
		{25903F28-D3D2-4B57-A428-8E968A3564EA}.AppStore|x64.ActiveCfg = Debug|Any CPU
		{25903F28-D3D2-4B57-A428-8E968A3564EA}.AppStore|x64.Build.0 = Debug|Any CPU
		{25903F28-D3D2-4B57-A428-8E968A3564EA}.AppStore|x86.ActiveCfg = Debug|Any CPU
		{25903F28-D3D2-4B57-A428-8E968A3564EA}.AppStore|x86.Build.0 = Debug|Any CPU
		{25903F28-D3D2-4B57-A428-8E968A3564EA}.Debug|Any CPU.ActiveCfg = Debug|Any CPU
		{25903F28-D3D2-4B57-A428-8E968A3564EA}.Debug|Any CPU.Build.0 = Debug|Any CPU
		{25903F28-D3D2-4B57-A428-8E968A3564EA}.Debug|ARM.ActiveCfg = Debug|Any CPU
		{25903F28-D3D2-4B57-A428-8E968A3564EA}.Debug|ARM.Build.0 = Debug|Any CPU
		{25903F28-D3D2-4B57-A428-8E968A3564EA}.Debug|ARM64.ActiveCfg = Debug|Any CPU
		{25903F28-D3D2-4B57-A428-8E968A3564EA}.Debug|ARM64.Build.0 = Debug|Any CPU
		{25903F28-D3D2-4B57-A428-8E968A3564EA}.Debug|iPhone.ActiveCfg = Debug|Any CPU
		{25903F28-D3D2-4B57-A428-8E968A3564EA}.Debug|iPhone.Build.0 = Debug|Any CPU
		{25903F28-D3D2-4B57-A428-8E968A3564EA}.Debug|iPhoneSimulator.ActiveCfg = Debug|Any CPU
		{25903F28-D3D2-4B57-A428-8E968A3564EA}.Debug|iPhoneSimulator.Build.0 = Debug|Any CPU
		{25903F28-D3D2-4B57-A428-8E968A3564EA}.Debug|x64.ActiveCfg = Debug|Any CPU
		{25903F28-D3D2-4B57-A428-8E968A3564EA}.Debug|x64.Build.0 = Debug|Any CPU
		{25903F28-D3D2-4B57-A428-8E968A3564EA}.Debug|x86.ActiveCfg = Debug|Any CPU
		{25903F28-D3D2-4B57-A428-8E968A3564EA}.Release|Any CPU.ActiveCfg = Release|Any CPU
		{25903F28-D3D2-4B57-A428-8E968A3564EA}.Release|Any CPU.Build.0 = Release|Any CPU
		{25903F28-D3D2-4B57-A428-8E968A3564EA}.Release|ARM.ActiveCfg = Release|Any CPU
		{25903F28-D3D2-4B57-A428-8E968A3564EA}.Release|ARM.Build.0 = Release|Any CPU
		{25903F28-D3D2-4B57-A428-8E968A3564EA}.Release|ARM64.ActiveCfg = Release|Any CPU
		{25903F28-D3D2-4B57-A428-8E968A3564EA}.Release|ARM64.Build.0 = Release|Any CPU
		{25903F28-D3D2-4B57-A428-8E968A3564EA}.Release|iPhone.ActiveCfg = Release|Any CPU
		{25903F28-D3D2-4B57-A428-8E968A3564EA}.Release|iPhone.Build.0 = Release|Any CPU
		{25903F28-D3D2-4B57-A428-8E968A3564EA}.Release|iPhoneSimulator.ActiveCfg = Release|Any CPU
		{25903F28-D3D2-4B57-A428-8E968A3564EA}.Release|iPhoneSimulator.Build.0 = Release|Any CPU
		{25903F28-D3D2-4B57-A428-8E968A3564EA}.Release|x64.ActiveCfg = Release|Any CPU
		{25903F28-D3D2-4B57-A428-8E968A3564EA}.Release|x64.Build.0 = Release|Any CPU
		{25903F28-D3D2-4B57-A428-8E968A3564EA}.Release|x86.ActiveCfg = Release|Any CPU
		{25903F28-D3D2-4B57-A428-8E968A3564EA}.Release|x86.Build.0 = Release|Any CPU
		{9419C5DF-FF21-4B10-AE0D-02CA37CF9DAD}.Ad-Hoc|Any CPU.ActiveCfg = Debug|iPhoneSimulator
		{9419C5DF-FF21-4B10-AE0D-02CA37CF9DAD}.Ad-Hoc|Any CPU.Build.0 = Debug|iPhoneSimulator
		{9419C5DF-FF21-4B10-AE0D-02CA37CF9DAD}.Ad-Hoc|ARM.ActiveCfg = Debug|iPhoneSimulator
		{9419C5DF-FF21-4B10-AE0D-02CA37CF9DAD}.Ad-Hoc|ARM.Build.0 = Debug|iPhoneSimulator
		{9419C5DF-FF21-4B10-AE0D-02CA37CF9DAD}.Ad-Hoc|ARM64.ActiveCfg = Debug|iPhoneSimulator
		{9419C5DF-FF21-4B10-AE0D-02CA37CF9DAD}.Ad-Hoc|ARM64.Build.0 = Debug|iPhoneSimulator
		{9419C5DF-FF21-4B10-AE0D-02CA37CF9DAD}.Ad-Hoc|iPhone.ActiveCfg = Debug|iPhoneSimulator
		{9419C5DF-FF21-4B10-AE0D-02CA37CF9DAD}.Ad-Hoc|iPhone.Build.0 = Debug|iPhoneSimulator
		{9419C5DF-FF21-4B10-AE0D-02CA37CF9DAD}.Ad-Hoc|iPhoneSimulator.ActiveCfg = Debug|iPhoneSimulator
		{9419C5DF-FF21-4B10-AE0D-02CA37CF9DAD}.Ad-Hoc|iPhoneSimulator.Build.0 = Debug|iPhoneSimulator
		{9419C5DF-FF21-4B10-AE0D-02CA37CF9DAD}.Ad-Hoc|x64.ActiveCfg = Debug|iPhoneSimulator
		{9419C5DF-FF21-4B10-AE0D-02CA37CF9DAD}.Ad-Hoc|x64.Build.0 = Debug|iPhoneSimulator
		{9419C5DF-FF21-4B10-AE0D-02CA37CF9DAD}.Ad-Hoc|x86.ActiveCfg = Debug|iPhoneSimulator
		{9419C5DF-FF21-4B10-AE0D-02CA37CF9DAD}.Ad-Hoc|x86.Build.0 = Debug|iPhoneSimulator
		{9419C5DF-FF21-4B10-AE0D-02CA37CF9DAD}.AppStore|Any CPU.ActiveCfg = Debug|iPhoneSimulator
		{9419C5DF-FF21-4B10-AE0D-02CA37CF9DAD}.AppStore|Any CPU.Build.0 = Debug|iPhoneSimulator
		{9419C5DF-FF21-4B10-AE0D-02CA37CF9DAD}.AppStore|ARM.ActiveCfg = Debug|iPhoneSimulator
		{9419C5DF-FF21-4B10-AE0D-02CA37CF9DAD}.AppStore|ARM.Build.0 = Debug|iPhoneSimulator
		{9419C5DF-FF21-4B10-AE0D-02CA37CF9DAD}.AppStore|ARM64.ActiveCfg = Debug|iPhoneSimulator
		{9419C5DF-FF21-4B10-AE0D-02CA37CF9DAD}.AppStore|ARM64.Build.0 = Debug|iPhoneSimulator
		{9419C5DF-FF21-4B10-AE0D-02CA37CF9DAD}.AppStore|iPhone.ActiveCfg = Debug|iPhoneSimulator
		{9419C5DF-FF21-4B10-AE0D-02CA37CF9DAD}.AppStore|iPhone.Build.0 = Debug|iPhoneSimulator
		{9419C5DF-FF21-4B10-AE0D-02CA37CF9DAD}.AppStore|iPhoneSimulator.ActiveCfg = Debug|iPhoneSimulator
		{9419C5DF-FF21-4B10-AE0D-02CA37CF9DAD}.AppStore|iPhoneSimulator.Build.0 = Debug|iPhoneSimulator
		{9419C5DF-FF21-4B10-AE0D-02CA37CF9DAD}.AppStore|x64.ActiveCfg = Debug|iPhoneSimulator
		{9419C5DF-FF21-4B10-AE0D-02CA37CF9DAD}.AppStore|x64.Build.0 = Debug|iPhoneSimulator
		{9419C5DF-FF21-4B10-AE0D-02CA37CF9DAD}.AppStore|x86.ActiveCfg = Debug|iPhoneSimulator
		{9419C5DF-FF21-4B10-AE0D-02CA37CF9DAD}.AppStore|x86.Build.0 = Debug|iPhoneSimulator
		{9419C5DF-FF21-4B10-AE0D-02CA37CF9DAD}.Debug|Any CPU.ActiveCfg = Debug|iPhoneSimulator
		{9419C5DF-FF21-4B10-AE0D-02CA37CF9DAD}.Debug|ARM.ActiveCfg = Debug|iPhoneSimulator
		{9419C5DF-FF21-4B10-AE0D-02CA37CF9DAD}.Debug|ARM64.ActiveCfg = Debug|iPhoneSimulator
		{9419C5DF-FF21-4B10-AE0D-02CA37CF9DAD}.Debug|iPhone.ActiveCfg = Debug|iPhoneSimulator
		{9419C5DF-FF21-4B10-AE0D-02CA37CF9DAD}.Debug|iPhoneSimulator.ActiveCfg = Debug|iPhoneSimulator
		{9419C5DF-FF21-4B10-AE0D-02CA37CF9DAD}.Debug|iPhoneSimulator.Build.0 = Debug|iPhoneSimulator
		{9419C5DF-FF21-4B10-AE0D-02CA37CF9DAD}.Debug|x64.ActiveCfg = Debug|iPhoneSimulator
		{9419C5DF-FF21-4B10-AE0D-02CA37CF9DAD}.Debug|x86.ActiveCfg = Debug|iPhoneSimulator
		{9419C5DF-FF21-4B10-AE0D-02CA37CF9DAD}.Release|Any CPU.ActiveCfg = Release|iPhoneSimulator
		{9419C5DF-FF21-4B10-AE0D-02CA37CF9DAD}.Release|ARM.ActiveCfg = Release|iPhoneSimulator
		{9419C5DF-FF21-4B10-AE0D-02CA37CF9DAD}.Release|ARM64.ActiveCfg = Release|iPhoneSimulator
		{9419C5DF-FF21-4B10-AE0D-02CA37CF9DAD}.Release|iPhone.ActiveCfg = Release|iPhoneSimulator
		{9419C5DF-FF21-4B10-AE0D-02CA37CF9DAD}.Release|iPhoneSimulator.ActiveCfg = Release|iPhoneSimulator
		{9419C5DF-FF21-4B10-AE0D-02CA37CF9DAD}.Release|iPhoneSimulator.Build.0 = Release|iPhoneSimulator
		{9419C5DF-FF21-4B10-AE0D-02CA37CF9DAD}.Release|x64.ActiveCfg = Release|iPhoneSimulator
		{9419C5DF-FF21-4B10-AE0D-02CA37CF9DAD}.Release|x86.ActiveCfg = Release|iPhoneSimulator
		{781C8DF2-8612-4898-843E-DE6E7EF017F7}.Ad-Hoc|Any CPU.ActiveCfg = Debug|Any CPU
		{781C8DF2-8612-4898-843E-DE6E7EF017F7}.Ad-Hoc|Any CPU.Build.0 = Debug|Any CPU
		{781C8DF2-8612-4898-843E-DE6E7EF017F7}.Ad-Hoc|ARM.ActiveCfg = Debug|Any CPU
		{781C8DF2-8612-4898-843E-DE6E7EF017F7}.Ad-Hoc|ARM.Build.0 = Debug|Any CPU
		{781C8DF2-8612-4898-843E-DE6E7EF017F7}.Ad-Hoc|ARM64.ActiveCfg = Debug|Any CPU
		{781C8DF2-8612-4898-843E-DE6E7EF017F7}.Ad-Hoc|ARM64.Build.0 = Debug|Any CPU
		{781C8DF2-8612-4898-843E-DE6E7EF017F7}.Ad-Hoc|iPhone.ActiveCfg = Debug|Any CPU
		{781C8DF2-8612-4898-843E-DE6E7EF017F7}.Ad-Hoc|iPhone.Build.0 = Debug|Any CPU
		{781C8DF2-8612-4898-843E-DE6E7EF017F7}.Ad-Hoc|iPhoneSimulator.ActiveCfg = Debug|Any CPU
		{781C8DF2-8612-4898-843E-DE6E7EF017F7}.Ad-Hoc|iPhoneSimulator.Build.0 = Debug|Any CPU
		{781C8DF2-8612-4898-843E-DE6E7EF017F7}.Ad-Hoc|x64.ActiveCfg = Debug|Any CPU
		{781C8DF2-8612-4898-843E-DE6E7EF017F7}.Ad-Hoc|x64.Build.0 = Debug|Any CPU
		{781C8DF2-8612-4898-843E-DE6E7EF017F7}.Ad-Hoc|x86.ActiveCfg = Debug|Any CPU
		{781C8DF2-8612-4898-843E-DE6E7EF017F7}.Ad-Hoc|x86.Build.0 = Debug|Any CPU
		{781C8DF2-8612-4898-843E-DE6E7EF017F7}.AppStore|Any CPU.ActiveCfg = Debug|Any CPU
		{781C8DF2-8612-4898-843E-DE6E7EF017F7}.AppStore|Any CPU.Build.0 = Debug|Any CPU
		{781C8DF2-8612-4898-843E-DE6E7EF017F7}.AppStore|ARM.ActiveCfg = Debug|Any CPU
		{781C8DF2-8612-4898-843E-DE6E7EF017F7}.AppStore|ARM.Build.0 = Debug|Any CPU
		{781C8DF2-8612-4898-843E-DE6E7EF017F7}.AppStore|ARM64.ActiveCfg = Debug|Any CPU
		{781C8DF2-8612-4898-843E-DE6E7EF017F7}.AppStore|ARM64.Build.0 = Debug|Any CPU
		{781C8DF2-8612-4898-843E-DE6E7EF017F7}.AppStore|iPhone.ActiveCfg = Debug|Any CPU
		{781C8DF2-8612-4898-843E-DE6E7EF017F7}.AppStore|iPhone.Build.0 = Debug|Any CPU
		{781C8DF2-8612-4898-843E-DE6E7EF017F7}.AppStore|iPhoneSimulator.ActiveCfg = Debug|Any CPU
		{781C8DF2-8612-4898-843E-DE6E7EF017F7}.AppStore|iPhoneSimulator.Build.0 = Debug|Any CPU
		{781C8DF2-8612-4898-843E-DE6E7EF017F7}.AppStore|x64.ActiveCfg = Debug|Any CPU
		{781C8DF2-8612-4898-843E-DE6E7EF017F7}.AppStore|x64.Build.0 = Debug|Any CPU
		{781C8DF2-8612-4898-843E-DE6E7EF017F7}.AppStore|x86.ActiveCfg = Debug|Any CPU
		{781C8DF2-8612-4898-843E-DE6E7EF017F7}.AppStore|x86.Build.0 = Debug|Any CPU
		{781C8DF2-8612-4898-843E-DE6E7EF017F7}.Debug|Any CPU.ActiveCfg = Debug|Any CPU
		{781C8DF2-8612-4898-843E-DE6E7EF017F7}.Debug|Any CPU.Build.0 = Debug|Any CPU
		{781C8DF2-8612-4898-843E-DE6E7EF017F7}.Debug|ARM.ActiveCfg = Debug|Any CPU
		{781C8DF2-8612-4898-843E-DE6E7EF017F7}.Debug|ARM.Build.0 = Debug|Any CPU
		{781C8DF2-8612-4898-843E-DE6E7EF017F7}.Debug|ARM64.ActiveCfg = Debug|Any CPU
		{781C8DF2-8612-4898-843E-DE6E7EF017F7}.Debug|ARM64.Build.0 = Debug|Any CPU
		{781C8DF2-8612-4898-843E-DE6E7EF017F7}.Debug|iPhone.ActiveCfg = Debug|Any CPU
		{781C8DF2-8612-4898-843E-DE6E7EF017F7}.Debug|iPhone.Build.0 = Debug|Any CPU
		{781C8DF2-8612-4898-843E-DE6E7EF017F7}.Debug|iPhoneSimulator.ActiveCfg = Debug|Any CPU
		{781C8DF2-8612-4898-843E-DE6E7EF017F7}.Debug|iPhoneSimulator.Build.0 = Debug|Any CPU
		{781C8DF2-8612-4898-843E-DE6E7EF017F7}.Debug|x64.ActiveCfg = Debug|Any CPU
		{781C8DF2-8612-4898-843E-DE6E7EF017F7}.Debug|x64.Build.0 = Debug|Any CPU
		{781C8DF2-8612-4898-843E-DE6E7EF017F7}.Debug|x86.ActiveCfg = Debug|Any CPU
		{781C8DF2-8612-4898-843E-DE6E7EF017F7}.Release|Any CPU.ActiveCfg = Release|Any CPU
		{781C8DF2-8612-4898-843E-DE6E7EF017F7}.Release|Any CPU.Build.0 = Release|Any CPU
		{781C8DF2-8612-4898-843E-DE6E7EF017F7}.Release|ARM.ActiveCfg = Release|Any CPU
		{781C8DF2-8612-4898-843E-DE6E7EF017F7}.Release|ARM.Build.0 = Release|Any CPU
		{781C8DF2-8612-4898-843E-DE6E7EF017F7}.Release|ARM64.ActiveCfg = Release|Any CPU
		{781C8DF2-8612-4898-843E-DE6E7EF017F7}.Release|ARM64.Build.0 = Release|Any CPU
		{781C8DF2-8612-4898-843E-DE6E7EF017F7}.Release|iPhone.ActiveCfg = Release|Any CPU
		{781C8DF2-8612-4898-843E-DE6E7EF017F7}.Release|iPhone.Build.0 = Release|Any CPU
		{781C8DF2-8612-4898-843E-DE6E7EF017F7}.Release|iPhoneSimulator.ActiveCfg = Release|Any CPU
		{781C8DF2-8612-4898-843E-DE6E7EF017F7}.Release|iPhoneSimulator.Build.0 = Release|Any CPU
		{781C8DF2-8612-4898-843E-DE6E7EF017F7}.Release|x64.ActiveCfg = Release|Any CPU
		{781C8DF2-8612-4898-843E-DE6E7EF017F7}.Release|x64.Build.0 = Release|Any CPU
		{781C8DF2-8612-4898-843E-DE6E7EF017F7}.Release|x86.ActiveCfg = Release|Any CPU
		{781C8DF2-8612-4898-843E-DE6E7EF017F7}.Release|x86.Build.0 = Release|Any CPU
		{194CF9C6-AF8E-461A-B4B2-EB4B5482FB35}.Ad-Hoc|Any CPU.ActiveCfg = Debug|Any CPU
		{194CF9C6-AF8E-461A-B4B2-EB4B5482FB35}.Ad-Hoc|Any CPU.Build.0 = Debug|Any CPU
		{194CF9C6-AF8E-461A-B4B2-EB4B5482FB35}.Ad-Hoc|ARM.ActiveCfg = Debug|Any CPU
		{194CF9C6-AF8E-461A-B4B2-EB4B5482FB35}.Ad-Hoc|ARM.Build.0 = Debug|Any CPU
		{194CF9C6-AF8E-461A-B4B2-EB4B5482FB35}.Ad-Hoc|ARM64.ActiveCfg = Debug|Any CPU
		{194CF9C6-AF8E-461A-B4B2-EB4B5482FB35}.Ad-Hoc|ARM64.Build.0 = Debug|Any CPU
		{194CF9C6-AF8E-461A-B4B2-EB4B5482FB35}.Ad-Hoc|iPhone.ActiveCfg = Debug|Any CPU
		{194CF9C6-AF8E-461A-B4B2-EB4B5482FB35}.Ad-Hoc|iPhone.Build.0 = Debug|Any CPU
		{194CF9C6-AF8E-461A-B4B2-EB4B5482FB35}.Ad-Hoc|iPhoneSimulator.ActiveCfg = Debug|Any CPU
		{194CF9C6-AF8E-461A-B4B2-EB4B5482FB35}.Ad-Hoc|iPhoneSimulator.Build.0 = Debug|Any CPU
		{194CF9C6-AF8E-461A-B4B2-EB4B5482FB35}.Ad-Hoc|x64.ActiveCfg = Debug|Any CPU
		{194CF9C6-AF8E-461A-B4B2-EB4B5482FB35}.Ad-Hoc|x64.Build.0 = Debug|Any CPU
		{194CF9C6-AF8E-461A-B4B2-EB4B5482FB35}.Ad-Hoc|x86.ActiveCfg = Debug|Any CPU
		{194CF9C6-AF8E-461A-B4B2-EB4B5482FB35}.Ad-Hoc|x86.Build.0 = Debug|Any CPU
		{194CF9C6-AF8E-461A-B4B2-EB4B5482FB35}.AppStore|Any CPU.ActiveCfg = Debug|Any CPU
		{194CF9C6-AF8E-461A-B4B2-EB4B5482FB35}.AppStore|Any CPU.Build.0 = Debug|Any CPU
		{194CF9C6-AF8E-461A-B4B2-EB4B5482FB35}.AppStore|ARM.ActiveCfg = Debug|Any CPU
		{194CF9C6-AF8E-461A-B4B2-EB4B5482FB35}.AppStore|ARM.Build.0 = Debug|Any CPU
		{194CF9C6-AF8E-461A-B4B2-EB4B5482FB35}.AppStore|ARM64.ActiveCfg = Debug|Any CPU
		{194CF9C6-AF8E-461A-B4B2-EB4B5482FB35}.AppStore|ARM64.Build.0 = Debug|Any CPU
		{194CF9C6-AF8E-461A-B4B2-EB4B5482FB35}.AppStore|iPhone.ActiveCfg = Debug|Any CPU
		{194CF9C6-AF8E-461A-B4B2-EB4B5482FB35}.AppStore|iPhone.Build.0 = Debug|Any CPU
		{194CF9C6-AF8E-461A-B4B2-EB4B5482FB35}.AppStore|iPhoneSimulator.ActiveCfg = Debug|Any CPU
		{194CF9C6-AF8E-461A-B4B2-EB4B5482FB35}.AppStore|iPhoneSimulator.Build.0 = Debug|Any CPU
		{194CF9C6-AF8E-461A-B4B2-EB4B5482FB35}.AppStore|x64.ActiveCfg = Debug|Any CPU
		{194CF9C6-AF8E-461A-B4B2-EB4B5482FB35}.AppStore|x64.Build.0 = Debug|Any CPU
		{194CF9C6-AF8E-461A-B4B2-EB4B5482FB35}.AppStore|x86.ActiveCfg = Debug|Any CPU
		{194CF9C6-AF8E-461A-B4B2-EB4B5482FB35}.AppStore|x86.Build.0 = Debug|Any CPU
		{194CF9C6-AF8E-461A-B4B2-EB4B5482FB35}.Debug|Any CPU.ActiveCfg = Debug|Any CPU
		{194CF9C6-AF8E-461A-B4B2-EB4B5482FB35}.Debug|Any CPU.Build.0 = Debug|Any CPU
		{194CF9C6-AF8E-461A-B4B2-EB4B5482FB35}.Debug|ARM.ActiveCfg = Debug|Any CPU
		{194CF9C6-AF8E-461A-B4B2-EB4B5482FB35}.Debug|ARM.Build.0 = Debug|Any CPU
		{194CF9C6-AF8E-461A-B4B2-EB4B5482FB35}.Debug|ARM64.ActiveCfg = Debug|Any CPU
		{194CF9C6-AF8E-461A-B4B2-EB4B5482FB35}.Debug|ARM64.Build.0 = Debug|Any CPU
		{194CF9C6-AF8E-461A-B4B2-EB4B5482FB35}.Debug|iPhone.ActiveCfg = Debug|Any CPU
		{194CF9C6-AF8E-461A-B4B2-EB4B5482FB35}.Debug|iPhone.Build.0 = Debug|Any CPU
		{194CF9C6-AF8E-461A-B4B2-EB4B5482FB35}.Debug|iPhoneSimulator.ActiveCfg = Debug|Any CPU
		{194CF9C6-AF8E-461A-B4B2-EB4B5482FB35}.Debug|iPhoneSimulator.Build.0 = Debug|Any CPU
		{194CF9C6-AF8E-461A-B4B2-EB4B5482FB35}.Debug|x64.ActiveCfg = Debug|Any CPU
		{194CF9C6-AF8E-461A-B4B2-EB4B5482FB35}.Debug|x64.Build.0 = Debug|Any CPU
		{194CF9C6-AF8E-461A-B4B2-EB4B5482FB35}.Debug|x86.ActiveCfg = Debug|Any CPU
		{194CF9C6-AF8E-461A-B4B2-EB4B5482FB35}.Release|Any CPU.ActiveCfg = Release|Any CPU
		{194CF9C6-AF8E-461A-B4B2-EB4B5482FB35}.Release|Any CPU.Build.0 = Release|Any CPU
		{194CF9C6-AF8E-461A-B4B2-EB4B5482FB35}.Release|ARM.ActiveCfg = Release|Any CPU
		{194CF9C6-AF8E-461A-B4B2-EB4B5482FB35}.Release|ARM.Build.0 = Release|Any CPU
		{194CF9C6-AF8E-461A-B4B2-EB4B5482FB35}.Release|ARM64.ActiveCfg = Release|Any CPU
		{194CF9C6-AF8E-461A-B4B2-EB4B5482FB35}.Release|ARM64.Build.0 = Release|Any CPU
		{194CF9C6-AF8E-461A-B4B2-EB4B5482FB35}.Release|iPhone.ActiveCfg = Release|Any CPU
		{194CF9C6-AF8E-461A-B4B2-EB4B5482FB35}.Release|iPhone.Build.0 = Release|Any CPU
		{194CF9C6-AF8E-461A-B4B2-EB4B5482FB35}.Release|iPhoneSimulator.ActiveCfg = Release|Any CPU
		{194CF9C6-AF8E-461A-B4B2-EB4B5482FB35}.Release|iPhoneSimulator.Build.0 = Release|Any CPU
		{194CF9C6-AF8E-461A-B4B2-EB4B5482FB35}.Release|x64.ActiveCfg = Release|Any CPU
		{194CF9C6-AF8E-461A-B4B2-EB4B5482FB35}.Release|x64.Build.0 = Release|Any CPU
		{194CF9C6-AF8E-461A-B4B2-EB4B5482FB35}.Release|x86.ActiveCfg = Release|Any CPU
		{194CF9C6-AF8E-461A-B4B2-EB4B5482FB35}.Release|x86.Build.0 = Release|Any CPU
		{B2E0C2F3-8343-425B-B37F-F601D5F1D2CE}.Ad-Hoc|Any CPU.ActiveCfg = Debug|Any CPU
		{B2E0C2F3-8343-425B-B37F-F601D5F1D2CE}.Ad-Hoc|Any CPU.Build.0 = Debug|Any CPU
		{B2E0C2F3-8343-425B-B37F-F601D5F1D2CE}.Ad-Hoc|ARM.ActiveCfg = Debug|Any CPU
		{B2E0C2F3-8343-425B-B37F-F601D5F1D2CE}.Ad-Hoc|ARM.Build.0 = Debug|Any CPU
		{B2E0C2F3-8343-425B-B37F-F601D5F1D2CE}.Ad-Hoc|ARM64.ActiveCfg = Debug|Any CPU
		{B2E0C2F3-8343-425B-B37F-F601D5F1D2CE}.Ad-Hoc|ARM64.Build.0 = Debug|Any CPU
		{B2E0C2F3-8343-425B-B37F-F601D5F1D2CE}.Ad-Hoc|iPhone.ActiveCfg = Debug|Any CPU
		{B2E0C2F3-8343-425B-B37F-F601D5F1D2CE}.Ad-Hoc|iPhone.Build.0 = Debug|Any CPU
		{B2E0C2F3-8343-425B-B37F-F601D5F1D2CE}.Ad-Hoc|iPhoneSimulator.ActiveCfg = Debug|Any CPU
		{B2E0C2F3-8343-425B-B37F-F601D5F1D2CE}.Ad-Hoc|iPhoneSimulator.Build.0 = Debug|Any CPU
		{B2E0C2F3-8343-425B-B37F-F601D5F1D2CE}.Ad-Hoc|x64.ActiveCfg = Debug|Any CPU
		{B2E0C2F3-8343-425B-B37F-F601D5F1D2CE}.Ad-Hoc|x64.Build.0 = Debug|Any CPU
		{B2E0C2F3-8343-425B-B37F-F601D5F1D2CE}.Ad-Hoc|x86.ActiveCfg = Debug|Any CPU
		{B2E0C2F3-8343-425B-B37F-F601D5F1D2CE}.Ad-Hoc|x86.Build.0 = Debug|Any CPU
		{B2E0C2F3-8343-425B-B37F-F601D5F1D2CE}.AppStore|Any CPU.ActiveCfg = Debug|Any CPU
		{B2E0C2F3-8343-425B-B37F-F601D5F1D2CE}.AppStore|Any CPU.Build.0 = Debug|Any CPU
		{B2E0C2F3-8343-425B-B37F-F601D5F1D2CE}.AppStore|ARM.ActiveCfg = Debug|Any CPU
		{B2E0C2F3-8343-425B-B37F-F601D5F1D2CE}.AppStore|ARM.Build.0 = Debug|Any CPU
		{B2E0C2F3-8343-425B-B37F-F601D5F1D2CE}.AppStore|ARM64.ActiveCfg = Debug|Any CPU
		{B2E0C2F3-8343-425B-B37F-F601D5F1D2CE}.AppStore|ARM64.Build.0 = Debug|Any CPU
		{B2E0C2F3-8343-425B-B37F-F601D5F1D2CE}.AppStore|iPhone.ActiveCfg = Debug|Any CPU
		{B2E0C2F3-8343-425B-B37F-F601D5F1D2CE}.AppStore|iPhone.Build.0 = Debug|Any CPU
		{B2E0C2F3-8343-425B-B37F-F601D5F1D2CE}.AppStore|iPhoneSimulator.ActiveCfg = Debug|Any CPU
		{B2E0C2F3-8343-425B-B37F-F601D5F1D2CE}.AppStore|iPhoneSimulator.Build.0 = Debug|Any CPU
		{B2E0C2F3-8343-425B-B37F-F601D5F1D2CE}.AppStore|x64.ActiveCfg = Debug|Any CPU
		{B2E0C2F3-8343-425B-B37F-F601D5F1D2CE}.AppStore|x64.Build.0 = Debug|Any CPU
		{B2E0C2F3-8343-425B-B37F-F601D5F1D2CE}.AppStore|x86.ActiveCfg = Debug|Any CPU
		{B2E0C2F3-8343-425B-B37F-F601D5F1D2CE}.AppStore|x86.Build.0 = Debug|Any CPU
		{B2E0C2F3-8343-425B-B37F-F601D5F1D2CE}.Debug|Any CPU.ActiveCfg = Debug|Any CPU
		{B2E0C2F3-8343-425B-B37F-F601D5F1D2CE}.Debug|Any CPU.Build.0 = Debug|Any CPU
		{B2E0C2F3-8343-425B-B37F-F601D5F1D2CE}.Debug|ARM.ActiveCfg = Debug|Any CPU
		{B2E0C2F3-8343-425B-B37F-F601D5F1D2CE}.Debug|ARM.Build.0 = Debug|Any CPU
		{B2E0C2F3-8343-425B-B37F-F601D5F1D2CE}.Debug|ARM64.ActiveCfg = Debug|Any CPU
		{B2E0C2F3-8343-425B-B37F-F601D5F1D2CE}.Debug|ARM64.Build.0 = Debug|Any CPU
		{B2E0C2F3-8343-425B-B37F-F601D5F1D2CE}.Debug|iPhone.ActiveCfg = Debug|Any CPU
		{B2E0C2F3-8343-425B-B37F-F601D5F1D2CE}.Debug|iPhone.Build.0 = Debug|Any CPU
		{B2E0C2F3-8343-425B-B37F-F601D5F1D2CE}.Debug|iPhoneSimulator.ActiveCfg = Debug|Any CPU
		{B2E0C2F3-8343-425B-B37F-F601D5F1D2CE}.Debug|iPhoneSimulator.Build.0 = Debug|Any CPU
		{B2E0C2F3-8343-425B-B37F-F601D5F1D2CE}.Debug|x64.ActiveCfg = Debug|Any CPU
		{B2E0C2F3-8343-425B-B37F-F601D5F1D2CE}.Debug|x64.Build.0 = Debug|Any CPU
		{B2E0C2F3-8343-425B-B37F-F601D5F1D2CE}.Debug|x86.ActiveCfg = Debug|Any CPU
		{B2E0C2F3-8343-425B-B37F-F601D5F1D2CE}.Release|Any CPU.ActiveCfg = Release|Any CPU
		{B2E0C2F3-8343-425B-B37F-F601D5F1D2CE}.Release|Any CPU.Build.0 = Release|Any CPU
		{B2E0C2F3-8343-425B-B37F-F601D5F1D2CE}.Release|ARM.ActiveCfg = Release|Any CPU
		{B2E0C2F3-8343-425B-B37F-F601D5F1D2CE}.Release|ARM.Build.0 = Release|Any CPU
		{B2E0C2F3-8343-425B-B37F-F601D5F1D2CE}.Release|ARM64.ActiveCfg = Release|Any CPU
		{B2E0C2F3-8343-425B-B37F-F601D5F1D2CE}.Release|ARM64.Build.0 = Release|Any CPU
		{B2E0C2F3-8343-425B-B37F-F601D5F1D2CE}.Release|iPhone.ActiveCfg = Release|Any CPU
		{B2E0C2F3-8343-425B-B37F-F601D5F1D2CE}.Release|iPhone.Build.0 = Release|Any CPU
		{B2E0C2F3-8343-425B-B37F-F601D5F1D2CE}.Release|iPhoneSimulator.ActiveCfg = Release|Any CPU
		{B2E0C2F3-8343-425B-B37F-F601D5F1D2CE}.Release|iPhoneSimulator.Build.0 = Release|Any CPU
		{B2E0C2F3-8343-425B-B37F-F601D5F1D2CE}.Release|x64.ActiveCfg = Release|Any CPU
		{B2E0C2F3-8343-425B-B37F-F601D5F1D2CE}.Release|x64.Build.0 = Release|Any CPU
		{B2E0C2F3-8343-425B-B37F-F601D5F1D2CE}.Release|x86.ActiveCfg = Release|Any CPU
		{B2E0C2F3-8343-425B-B37F-F601D5F1D2CE}.Release|x86.Build.0 = Release|Any CPU
		{FE29A780-581D-40D0-A133-78887686FBB0}.Ad-Hoc|Any CPU.ActiveCfg = Debug|Any CPU
		{FE29A780-581D-40D0-A133-78887686FBB0}.Ad-Hoc|Any CPU.Build.0 = Debug|Any CPU
		{FE29A780-581D-40D0-A133-78887686FBB0}.Ad-Hoc|ARM.ActiveCfg = Debug|Any CPU
		{FE29A780-581D-40D0-A133-78887686FBB0}.Ad-Hoc|ARM.Build.0 = Debug|Any CPU
		{FE29A780-581D-40D0-A133-78887686FBB0}.Ad-Hoc|ARM64.ActiveCfg = Debug|Any CPU
		{FE29A780-581D-40D0-A133-78887686FBB0}.Ad-Hoc|ARM64.Build.0 = Debug|Any CPU
		{FE29A780-581D-40D0-A133-78887686FBB0}.Ad-Hoc|iPhone.ActiveCfg = Debug|Any CPU
		{FE29A780-581D-40D0-A133-78887686FBB0}.Ad-Hoc|iPhone.Build.0 = Debug|Any CPU
		{FE29A780-581D-40D0-A133-78887686FBB0}.Ad-Hoc|iPhoneSimulator.ActiveCfg = Debug|Any CPU
		{FE29A780-581D-40D0-A133-78887686FBB0}.Ad-Hoc|iPhoneSimulator.Build.0 = Debug|Any CPU
		{FE29A780-581D-40D0-A133-78887686FBB0}.Ad-Hoc|x64.ActiveCfg = Debug|Any CPU
		{FE29A780-581D-40D0-A133-78887686FBB0}.Ad-Hoc|x64.Build.0 = Debug|Any CPU
		{FE29A780-581D-40D0-A133-78887686FBB0}.Ad-Hoc|x86.ActiveCfg = Debug|Any CPU
		{FE29A780-581D-40D0-A133-78887686FBB0}.Ad-Hoc|x86.Build.0 = Debug|Any CPU
		{FE29A780-581D-40D0-A133-78887686FBB0}.AppStore|Any CPU.ActiveCfg = Debug|Any CPU
		{FE29A780-581D-40D0-A133-78887686FBB0}.AppStore|Any CPU.Build.0 = Debug|Any CPU
		{FE29A780-581D-40D0-A133-78887686FBB0}.AppStore|ARM.ActiveCfg = Debug|Any CPU
		{FE29A780-581D-40D0-A133-78887686FBB0}.AppStore|ARM.Build.0 = Debug|Any CPU
		{FE29A780-581D-40D0-A133-78887686FBB0}.AppStore|ARM64.ActiveCfg = Debug|Any CPU
		{FE29A780-581D-40D0-A133-78887686FBB0}.AppStore|ARM64.Build.0 = Debug|Any CPU
		{FE29A780-581D-40D0-A133-78887686FBB0}.AppStore|iPhone.ActiveCfg = Debug|Any CPU
		{FE29A780-581D-40D0-A133-78887686FBB0}.AppStore|iPhone.Build.0 = Debug|Any CPU
		{FE29A780-581D-40D0-A133-78887686FBB0}.AppStore|iPhoneSimulator.ActiveCfg = Debug|Any CPU
		{FE29A780-581D-40D0-A133-78887686FBB0}.AppStore|iPhoneSimulator.Build.0 = Debug|Any CPU
		{FE29A780-581D-40D0-A133-78887686FBB0}.AppStore|x64.ActiveCfg = Debug|Any CPU
		{FE29A780-581D-40D0-A133-78887686FBB0}.AppStore|x64.Build.0 = Debug|Any CPU
		{FE29A780-581D-40D0-A133-78887686FBB0}.AppStore|x86.ActiveCfg = Debug|Any CPU
		{FE29A780-581D-40D0-A133-78887686FBB0}.AppStore|x86.Build.0 = Debug|Any CPU
		{FE29A780-581D-40D0-A133-78887686FBB0}.Debug|Any CPU.ActiveCfg = Debug|Any CPU
		{FE29A780-581D-40D0-A133-78887686FBB0}.Debug|Any CPU.Build.0 = Debug|Any CPU
		{FE29A780-581D-40D0-A133-78887686FBB0}.Debug|ARM.ActiveCfg = Debug|Any CPU
		{FE29A780-581D-40D0-A133-78887686FBB0}.Debug|ARM.Build.0 = Debug|Any CPU
		{FE29A780-581D-40D0-A133-78887686FBB0}.Debug|ARM64.ActiveCfg = Debug|Any CPU
		{FE29A780-581D-40D0-A133-78887686FBB0}.Debug|ARM64.Build.0 = Debug|Any CPU
		{FE29A780-581D-40D0-A133-78887686FBB0}.Debug|iPhone.ActiveCfg = Debug|Any CPU
		{FE29A780-581D-40D0-A133-78887686FBB0}.Debug|iPhone.Build.0 = Debug|Any CPU
		{FE29A780-581D-40D0-A133-78887686FBB0}.Debug|iPhoneSimulator.ActiveCfg = Debug|Any CPU
		{FE29A780-581D-40D0-A133-78887686FBB0}.Debug|iPhoneSimulator.Build.0 = Debug|Any CPU
		{FE29A780-581D-40D0-A133-78887686FBB0}.Debug|x64.ActiveCfg = Debug|Any CPU
		{FE29A780-581D-40D0-A133-78887686FBB0}.Debug|x64.Build.0 = Debug|Any CPU
		{FE29A780-581D-40D0-A133-78887686FBB0}.Debug|x86.ActiveCfg = Debug|Any CPU
		{FE29A780-581D-40D0-A133-78887686FBB0}.Debug|x86.Build.0 = Debug|Any CPU
		{FE29A780-581D-40D0-A133-78887686FBB0}.Release|Any CPU.ActiveCfg = Release|Any CPU
		{FE29A780-581D-40D0-A133-78887686FBB0}.Release|Any CPU.Build.0 = Release|Any CPU
		{FE29A780-581D-40D0-A133-78887686FBB0}.Release|ARM.ActiveCfg = Release|Any CPU
		{FE29A780-581D-40D0-A133-78887686FBB0}.Release|ARM.Build.0 = Release|Any CPU
		{FE29A780-581D-40D0-A133-78887686FBB0}.Release|ARM64.ActiveCfg = Release|Any CPU
		{FE29A780-581D-40D0-A133-78887686FBB0}.Release|ARM64.Build.0 = Release|Any CPU
		{FE29A780-581D-40D0-A133-78887686FBB0}.Release|iPhone.ActiveCfg = Release|Any CPU
		{FE29A780-581D-40D0-A133-78887686FBB0}.Release|iPhone.Build.0 = Release|Any CPU
		{FE29A780-581D-40D0-A133-78887686FBB0}.Release|iPhoneSimulator.ActiveCfg = Release|Any CPU
		{FE29A780-581D-40D0-A133-78887686FBB0}.Release|iPhoneSimulator.Build.0 = Release|Any CPU
		{FE29A780-581D-40D0-A133-78887686FBB0}.Release|x64.ActiveCfg = Release|Any CPU
		{FE29A780-581D-40D0-A133-78887686FBB0}.Release|x64.Build.0 = Release|Any CPU
		{FE29A780-581D-40D0-A133-78887686FBB0}.Release|x86.ActiveCfg = Release|Any CPU
		{FE29A780-581D-40D0-A133-78887686FBB0}.Release|x86.Build.0 = Release|Any CPU
	EndGlobalSection
	GlobalSection(SolutionProperties) = preSolution
		HideSolutionNode = FALSE
	EndGlobalSection
	GlobalSection(NestedProjects) = preSolution
		{59DAC31B-A16B-48C8-B686-77B607AF323E} = {2CDE1A58-4F61-46A9-B933-BA834D8E1238}
		{22C452D9-515E-4788-A697-E3B5E1578CA8} = {2CDE1A58-4F61-46A9-B933-BA834D8E1238}
		{1CEF6381-360D-4370-87D1-03F088239AA9} = {2CDE1A58-4F61-46A9-B933-BA834D8E1238}
		{25903F28-D3D2-4B57-A428-8E968A3564EA} = {2CDE1A58-4F61-46A9-B933-BA834D8E1238}
		{9419C5DF-FF21-4B10-AE0D-02CA37CF9DAD} = {2CDE1A58-4F61-46A9-B933-BA834D8E1238}
		{781C8DF2-8612-4898-843E-DE6E7EF017F7} = {2CDE1A58-4F61-46A9-B933-BA834D8E1238}
		{194CF9C6-AF8E-461A-B4B2-EB4B5482FB35} = {2CDE1A58-4F61-46A9-B933-BA834D8E1238}
		{B2E0C2F3-8343-425B-B37F-F601D5F1D2CE} = {2CDE1A58-4F61-46A9-B933-BA834D8E1238}
	EndGlobalSection
	GlobalSection(ExtensibilityGlobals) = postSolution
		SolutionGuid = {EB29AA87-BA69-4CC6-AB54-3552C3EDA764}
	EndGlobalSection
EndGlobal
